
Microsoft Visual Studio Solution File, Format Version 12.00
# Visual Studio 15
VisualStudioVersion = 15.0.28307.168
MinimumVisualStudioVersion = 10.0.40219.1
Project("{FAE04EC0-301F-11D3-BF4B-00C04F79EFBC}") = "SimpleVariableOpgave1", "OpgaveSimpleVariabler1\SimpleVariableOpgave1.csproj", "{C5AA9DC6-570A-4AE3-A602-3B16660F8810}"
EndProject
Project("{FAE04EC0-301F-11D3-BF4B-00C04F79EFBC}") = "SimpleVariableOpgave2", "SimpleVariablerOpgave2\SimpleVariableOpgave2.csproj", "{34B50C3D-AF0A-4F7B-ACEE-E68B564E5920}"
EndProject
Project("{FAE04EC0-301F-11D3-BF4B-00C04F79EFBC}") = "SimpleVariableOpgave3", "SimpleVariableOpgave3\SimpleVariableOpgave3.csproj", "{03EF39B7-B621-4264-BB3E-AC01D301149A}"
EndProject
Project("{FAE04EC0-301F-11D3-BF4B-00C04F79EFBC}") = "SimpleVariableOpgave4", "SimpleVariableOpgave4\SimpleVariableOpgave4.csproj", "{3951994A-3489-4297-8DAF-0D8CC8D66CD8}"
EndProject
Project("{FAE04EC0-301F-11D3-BF4B-00C04F79EFBC}") = "RelateredeKonstanterOgStrukturerOpgave1", "RelateredeKonstanterOgStrukturerOpgave1\RelateredeKonstanterOgStrukturerOpgave1.csproj", "{51161FAE-8E44-4498-9AE8-9ACCF6B836DC}"
EndProject
Project("{FAE04EC0-301F-11D3-BF4B-00C04F79EFBC}") = "RelateredeKonstanterOgStrukturerOpgave1_", "RelateredeKonstanterOgStrukturerOpgave1_\RelateredeKonstanterOgStrukturerOpgave1_.csproj", "{B4500D67-2B07-4A2E-8703-E1A728E7C550}"
EndProject
Project("{FAE04EC0-301F-11D3-BF4B-00C04F79EFBC}") = "RelateredeKonstanterOgStrukturerOpgave3", "RelateredeKonstanterOgStrukturerOpgave3\RelateredeKonstanterOgStrukturerOpgave3.csproj", "{D17767CC-6520-4457-B436-A93D35D8D38C}"
EndProject
Project("{FAE04EC0-301F-11D3-BF4B-00C04F79EFBC}") = "Programflow1", "Programflow1\Programflow1.csproj", "{28CD16AD-A750-4DD7-BAB0-4CD5EBF40252}"
EndProject
Project("{FAE04EC0-301F-11D3-BF4B-00C04F79EFBC}") = "Programflow2", "Programflow2\Programflow2.csproj", "{4E18BBDF-31AC-450B-ACFB-78A64D6EE3C2}"
EndProject
Project("{FAE04EC0-301F-11D3-BF4B-00C04F79EFBC}") = "Metode1", "Metode1\Metode1.csproj", "{FFFED916-BEF8-4493-AB56-0754781DA301}"
EndProject
Project("{FAE04EC0-301F-11D3-BF4B-00C04F79EFBC}") = "Metoder2", "Metoder2\Metoder2.csproj", "{32B2ED59-F0DA-4A4A-A94D-C405FB8007BB}"
EndProject
Project("{FAE04EC0-301F-11D3-BF4B-00C04F79EFBC}") = "MetoderEksempel", "MetoderEksempel\MetoderEksempel.csproj", "{A6D0F542-6711-4B7C-B10E-249C23898AAB}"
EndProject
Project("{FAE04EC0-301F-11D3-BF4B-00C04F79EFBC}") = "Metoder3", "Metoder3\Metoder3.csproj", "{2FA43F9B-0EE1-4CF1-A053-0C285878B419}"
EndProject
Project("{FAE04EC0-301F-11D3-BF4B-00C04F79EFBC}") = "Metoder4", "Metoder4\Metoder4.csproj", "{4E3EA270-0E08-4F9C-9653-E2959D33A06B}"
EndProject
Project("{FAE04EC0-301F-11D3-BF4B-00C04F79EFBC}") = "Metoder5", "Metoder5\Metoder5.csproj", "{23301F18-91DB-4EDD-A2D6-580A58D8DAEA}"
EndProject
Project("{FAE04EC0-301F-11D3-BF4B-00C04F79EFBC}") = "Fejlhåndtering1", "Fejlhåndtering1\Fejlhåndtering1.csproj", "{B2F28355-377D-4ADA-A2C3-535631D3C31A}"
EndProject
Project("{2150E333-8FDC-42A3-9474-1A3956D46DE8}") = "Solution Items", "Solution Items", "{FC800689-5FFA-4CE3-B4CC-584C811CC542}"
	ProjectSection(SolutionItems) = preProject
		web.config = web.config
	EndProjectSection
EndProject
Project("{FAE04EC0-301F-11D3-BF4B-00C04F79EFBC}") = "TEST", "TEST\TEST.csproj", "{B0E50AA4-ACEE-4BC9-8319-5AB7DA0AE3A6}"
EndProject
Project("{FAE04EC0-301F-11D3-BF4B-00C04F79EFBC}") = "Hukommelse1", "Hukommelse1\Hukommelse1.csproj", "{F760D090-69F3-46F1-8F26-BDDD35430591}"
EndProject
Project("{FAE04EC0-301F-11D3-BF4B-00C04F79EFBC}") = "Klasser1", "Klasser1\Klasser1.csproj", "{E3ABF96F-BBAA-48B4-B4F0-01517DA77CB5}"
EndProject
Project("{FAE04EC0-301F-11D3-BF4B-00C04F79EFBC}") = "Klasser2", "Klasser2\Klasser2.csproj", "{8E86AFC8-0371-48FD-9F11-7ECA4064CACA}"
EndProject
Project("{FAE04EC0-301F-11D3-BF4B-00C04F79EFBC}") = "Fejlhåndtering2", "Fejlhåndtering2\Fejlhåndtering2.csproj", "{BBDDBEB4-257C-47BD-A9C6-041FC494E3FF}"
EndProject
Project("{FAE04EC0-301F-11D3-BF4B-00C04F79EFBC}") = "Indkapsling1", "Indkapsling1\Indkapsling1.csproj", "{66E676B1-39E3-45BE-855E-E6AA8CA17704}"
EndProject
Project("{FAE04EC0-301F-11D3-BF4B-00C04F79EFBC}") = "Indkapsling2", "Indkapsling2\Indkapsling2.csproj", "{4D0C58C6-C20F-41EA-8CAF-59246DA1D96F}"
EndProject
Project("{FAE04EC0-301F-11D3-BF4B-00C04F79EFBC}") = "Klasser3", "Klasser3\Klasser3.csproj", "{92611F1B-2C9A-45EE-A207-0FAD79AE4C9B}"
EndProject
Project("{FAE04EC0-301F-11D3-BF4B-00C04F79EFBC}") = "Klasser4", "Klasser4\Klasser4.csproj", "{F7082A10-01BA-43DE-BAB3-2545E7CBB487}"
EndProject
Project("{FAE04EC0-301F-11D3-BF4B-00C04F79EFBC}") = "Indkapsling3", "Indkapsling3\Indkapsling3.csproj", "{D51E293B-B64E-4918-B055-A05E8264642D}"
EndProject
Global
	GlobalSection(SolutionConfigurationPlatforms) = preSolution
		Debug|Any CPU = Debug|Any CPU
		Release|Any CPU = Release|Any CPU
	EndGlobalSection
	GlobalSection(ProjectConfigurationPlatforms) = postSolution
		{C5AA9DC6-570A-4AE3-A602-3B16660F8810}.Debug|Any CPU.ActiveCfg = Debug|Any CPU
		{C5AA9DC6-570A-4AE3-A602-3B16660F8810}.Debug|Any CPU.Build.0 = Debug|Any CPU
		{C5AA9DC6-570A-4AE3-A602-3B16660F8810}.Release|Any CPU.ActiveCfg = Release|Any CPU
		{C5AA9DC6-570A-4AE3-A602-3B16660F8810}.Release|Any CPU.Build.0 = Release|Any CPU
		{34B50C3D-AF0A-4F7B-ACEE-E68B564E5920}.Debug|Any CPU.ActiveCfg = Debug|Any CPU
		{34B50C3D-AF0A-4F7B-ACEE-E68B564E5920}.Debug|Any CPU.Build.0 = Debug|Any CPU
		{34B50C3D-AF0A-4F7B-ACEE-E68B564E5920}.Release|Any CPU.ActiveCfg = Release|Any CPU
		{34B50C3D-AF0A-4F7B-ACEE-E68B564E5920}.Release|Any CPU.Build.0 = Release|Any CPU
		{03EF39B7-B621-4264-BB3E-AC01D301149A}.Debug|Any CPU.ActiveCfg = Debug|Any CPU
		{03EF39B7-B621-4264-BB3E-AC01D301149A}.Debug|Any CPU.Build.0 = Debug|Any CPU
		{03EF39B7-B621-4264-BB3E-AC01D301149A}.Release|Any CPU.ActiveCfg = Release|Any CPU
		{03EF39B7-B621-4264-BB3E-AC01D301149A}.Release|Any CPU.Build.0 = Release|Any CPU
		{3951994A-3489-4297-8DAF-0D8CC8D66CD8}.Debug|Any CPU.ActiveCfg = Debug|Any CPU
		{3951994A-3489-4297-8DAF-0D8CC8D66CD8}.Debug|Any CPU.Build.0 = Debug|Any CPU
		{3951994A-3489-4297-8DAF-0D8CC8D66CD8}.Release|Any CPU.ActiveCfg = Release|Any CPU
		{3951994A-3489-4297-8DAF-0D8CC8D66CD8}.Release|Any CPU.Build.0 = Release|Any CPU
		{51161FAE-8E44-4498-9AE8-9ACCF6B836DC}.Debug|Any CPU.ActiveCfg = Debug|Any CPU
		{51161FAE-8E44-4498-9AE8-9ACCF6B836DC}.Debug|Any CPU.Build.0 = Debug|Any CPU
		{51161FAE-8E44-4498-9AE8-9ACCF6B836DC}.Release|Any CPU.ActiveCfg = Release|Any CPU
		{51161FAE-8E44-4498-9AE8-9ACCF6B836DC}.Release|Any CPU.Build.0 = Release|Any CPU
		{B4500D67-2B07-4A2E-8703-E1A728E7C550}.Debug|Any CPU.ActiveCfg = Debug|Any CPU
		{B4500D67-2B07-4A2E-8703-E1A728E7C550}.Debug|Any CPU.Build.0 = Debug|Any CPU
		{B4500D67-2B07-4A2E-8703-E1A728E7C550}.Release|Any CPU.ActiveCfg = Release|Any CPU
		{B4500D67-2B07-4A2E-8703-E1A728E7C550}.Release|Any CPU.Build.0 = Release|Any CPU
		{D17767CC-6520-4457-B436-A93D35D8D38C}.Debug|Any CPU.ActiveCfg = Debug|Any CPU
		{D17767CC-6520-4457-B436-A93D35D8D38C}.Debug|Any CPU.Build.0 = Debug|Any CPU
		{D17767CC-6520-4457-B436-A93D35D8D38C}.Release|Any CPU.ActiveCfg = Release|Any CPU
		{D17767CC-6520-4457-B436-A93D35D8D38C}.Release|Any CPU.Build.0 = Release|Any CPU
		{28CD16AD-A750-4DD7-BAB0-4CD5EBF40252}.Debug|Any CPU.ActiveCfg = Debug|Any CPU
		{28CD16AD-A750-4DD7-BAB0-4CD5EBF40252}.Debug|Any CPU.Build.0 = Debug|Any CPU
		{28CD16AD-A750-4DD7-BAB0-4CD5EBF40252}.Release|Any CPU.ActiveCfg = Release|Any CPU
		{28CD16AD-A750-4DD7-BAB0-4CD5EBF40252}.Release|Any CPU.Build.0 = Release|Any CPU
		{4E18BBDF-31AC-450B-ACFB-78A64D6EE3C2}.Debug|Any CPU.ActiveCfg = Debug|Any CPU
		{4E18BBDF-31AC-450B-ACFB-78A64D6EE3C2}.Debug|Any CPU.Build.0 = Debug|Any CPU
		{4E18BBDF-31AC-450B-ACFB-78A64D6EE3C2}.Release|Any CPU.ActiveCfg = Release|Any CPU
		{4E18BBDF-31AC-450B-ACFB-78A64D6EE3C2}.Release|Any CPU.Build.0 = Release|Any CPU
		{FFFED916-BEF8-4493-AB56-0754781DA301}.Debug|Any CPU.ActiveCfg = Debug|Any CPU
		{FFFED916-BEF8-4493-AB56-0754781DA301}.Debug|Any CPU.Build.0 = Debug|Any CPU
		{FFFED916-BEF8-4493-AB56-0754781DA301}.Release|Any CPU.ActiveCfg = Release|Any CPU
		{FFFED916-BEF8-4493-AB56-0754781DA301}.Release|Any CPU.Build.0 = Release|Any CPU
		{32B2ED59-F0DA-4A4A-A94D-C405FB8007BB}.Debug|Any CPU.ActiveCfg = Debug|Any CPU
		{32B2ED59-F0DA-4A4A-A94D-C405FB8007BB}.Debug|Any CPU.Build.0 = Debug|Any CPU
		{32B2ED59-F0DA-4A4A-A94D-C405FB8007BB}.Release|Any CPU.ActiveCfg = Release|Any CPU
		{32B2ED59-F0DA-4A4A-A94D-C405FB8007BB}.Release|Any CPU.Build.0 = Release|Any CPU
		{A6D0F542-6711-4B7C-B10E-249C23898AAB}.Debug|Any CPU.ActiveCfg = Debug|Any CPU
		{A6D0F542-6711-4B7C-B10E-249C23898AAB}.Debug|Any CPU.Build.0 = Debug|Any CPU
		{A6D0F542-6711-4B7C-B10E-249C23898AAB}.Release|Any CPU.ActiveCfg = Release|Any CPU
		{A6D0F542-6711-4B7C-B10E-249C23898AAB}.Release|Any CPU.Build.0 = Release|Any CPU
		{2FA43F9B-0EE1-4CF1-A053-0C285878B419}.Debug|Any CPU.ActiveCfg = Debug|Any CPU
		{2FA43F9B-0EE1-4CF1-A053-0C285878B419}.Debug|Any CPU.Build.0 = Debug|Any CPU
		{2FA43F9B-0EE1-4CF1-A053-0C285878B419}.Release|Any CPU.ActiveCfg = Release|Any CPU
		{2FA43F9B-0EE1-4CF1-A053-0C285878B419}.Release|Any CPU.Build.0 = Release|Any CPU
		{4E3EA270-0E08-4F9C-9653-E2959D33A06B}.Debug|Any CPU.ActiveCfg = Debug|Any CPU
		{4E3EA270-0E08-4F9C-9653-E2959D33A06B}.Debug|Any CPU.Build.0 = Debug|Any CPU
		{4E3EA270-0E08-4F9C-9653-E2959D33A06B}.Release|Any CPU.ActiveCfg = Release|Any CPU
		{4E3EA270-0E08-4F9C-9653-E2959D33A06B}.Release|Any CPU.Build.0 = Release|Any CPU
		{23301F18-91DB-4EDD-A2D6-580A58D8DAEA}.Debug|Any CPU.ActiveCfg = Debug|Any CPU
		{23301F18-91DB-4EDD-A2D6-580A58D8DAEA}.Debug|Any CPU.Build.0 = Debug|Any CPU
		{23301F18-91DB-4EDD-A2D6-580A58D8DAEA}.Release|Any CPU.ActiveCfg = Release|Any CPU
		{23301F18-91DB-4EDD-A2D6-580A58D8DAEA}.Release|Any CPU.Build.0 = Release|Any CPU
		{B2F28355-377D-4ADA-A2C3-535631D3C31A}.Debug|Any CPU.ActiveCfg = Debug|Any CPU
		{B2F28355-377D-4ADA-A2C3-535631D3C31A}.Debug|Any CPU.Build.0 = Debug|Any CPU
		{B2F28355-377D-4ADA-A2C3-535631D3C31A}.Release|Any CPU.ActiveCfg = Release|Any CPU
		{B2F28355-377D-4ADA-A2C3-535631D3C31A}.Release|Any CPU.Build.0 = Release|Any CPU
		{B0E50AA4-ACEE-4BC9-8319-5AB7DA0AE3A6}.Debug|Any CPU.ActiveCfg = Debug|Any CPU
		{B0E50AA4-ACEE-4BC9-8319-5AB7DA0AE3A6}.Debug|Any CPU.Build.0 = Debug|Any CPU
		{B0E50AA4-ACEE-4BC9-8319-5AB7DA0AE3A6}.Release|Any CPU.ActiveCfg = Release|Any CPU
		{B0E50AA4-ACEE-4BC9-8319-5AB7DA0AE3A6}.Release|Any CPU.Build.0 = Release|Any CPU
		{F760D090-69F3-46F1-8F26-BDDD35430591}.Debug|Any CPU.ActiveCfg = Debug|Any CPU
		{F760D090-69F3-46F1-8F26-BDDD35430591}.Debug|Any CPU.Build.0 = Debug|Any CPU
		{F760D090-69F3-46F1-8F26-BDDD35430591}.Release|Any CPU.ActiveCfg = Release|Any CPU
		{F760D090-69F3-46F1-8F26-BDDD35430591}.Release|Any CPU.Build.0 = Release|Any CPU
		{E3ABF96F-BBAA-48B4-B4F0-01517DA77CB5}.Debug|Any CPU.ActiveCfg = Debug|Any CPU
		{E3ABF96F-BBAA-48B4-B4F0-01517DA77CB5}.Debug|Any CPU.Build.0 = Debug|Any CPU
		{E3ABF96F-BBAA-48B4-B4F0-01517DA77CB5}.Release|Any CPU.ActiveCfg = Release|Any CPU
		{E3ABF96F-BBAA-48B4-B4F0-01517DA77CB5}.Release|Any CPU.Build.0 = Release|Any CPU
		{8E86AFC8-0371-48FD-9F11-7ECA4064CACA}.Debug|Any CPU.ActiveCfg = Debug|Any CPU
		{8E86AFC8-0371-48FD-9F11-7ECA4064CACA}.Debug|Any CPU.Build.0 = Debug|Any CPU
		{8E86AFC8-0371-48FD-9F11-7ECA4064CACA}.Release|Any CPU.ActiveCfg = Release|Any CPU
		{8E86AFC8-0371-48FD-9F11-7ECA4064CACA}.Release|Any CPU.Build.0 = Release|Any CPU
		{BBDDBEB4-257C-47BD-A9C6-041FC494E3FF}.Debug|Any CPU.ActiveCfg = Debug|Any CPU
		{BBDDBEB4-257C-47BD-A9C6-041FC494E3FF}.Debug|Any CPU.Build.0 = Debug|Any CPU
		{BBDDBEB4-257C-47BD-A9C6-041FC494E3FF}.Release|Any CPU.ActiveCfg = Release|Any CPU
		{BBDDBEB4-257C-47BD-A9C6-041FC494E3FF}.Release|Any CPU.Build.0 = Release|Any CPU
		{66E676B1-39E3-45BE-855E-E6AA8CA17704}.Debug|Any CPU.ActiveCfg = Debug|Any CPU
		{66E676B1-39E3-45BE-855E-E6AA8CA17704}.Debug|Any CPU.Build.0 = Debug|Any CPU
		{66E676B1-39E3-45BE-855E-E6AA8CA17704}.Release|Any CPU.ActiveCfg = Release|Any CPU
		{66E676B1-39E3-45BE-855E-E6AA8CA17704}.Release|Any CPU.Build.0 = Release|Any CPU
		{4D0C58C6-C20F-41EA-8CAF-59246DA1D96F}.Debug|Any CPU.ActiveCfg = Debug|Any CPU
		{4D0C58C6-C20F-41EA-8CAF-59246DA1D96F}.Debug|Any CPU.Build.0 = Debug|Any CPU
		{4D0C58C6-C20F-41EA-8CAF-59246DA1D96F}.Release|Any CPU.ActiveCfg = Release|Any CPU
		{4D0C58C6-C20F-41EA-8CAF-59246DA1D96F}.Release|Any CPU.Build.0 = Release|Any CPU
		{92611F1B-2C9A-45EE-A207-0FAD79AE4C9B}.Debug|Any CPU.ActiveCfg = Debug|Any CPU
		{92611F1B-2C9A-45EE-A207-0FAD79AE4C9B}.Debug|Any CPU.Build.0 = Debug|Any CPU
		{92611F1B-2C9A-45EE-A207-0FAD79AE4C9B}.Release|Any CPU.ActiveCfg = Release|Any CPU
		{92611F1B-2C9A-45EE-A207-0FAD79AE4C9B}.Release|Any CPU.Build.0 = Release|Any CPU
		{F7082A10-01BA-43DE-BAB3-2545E7CBB487}.Debug|Any CPU.ActiveCfg = Debug|Any CPU
		{F7082A10-01BA-43DE-BAB3-2545E7CBB487}.Debug|Any CPU.Build.0 = Debug|Any CPU
		{F7082A10-01BA-43DE-BAB3-2545E7CBB487}.Release|Any CPU.ActiveCfg = Release|Any CPU
		{F7082A10-01BA-43DE-BAB3-2545E7CBB487}.Release|Any CPU.Build.0 = Release|Any CPU
		{D51E293B-B64E-4918-B055-A05E8264642D}.Debug|Any CPU.ActiveCfg = Debug|Any CPU
		{D51E293B-B64E-4918-B055-A05E8264642D}.Debug|Any CPU.Build.0 = Debug|Any CPU
		{D51E293B-B64E-4918-B055-A05E8264642D}.Release|Any CPU.ActiveCfg = Release|Any CPU
		{D51E293B-B64E-4918-B055-A05E8264642D}.Release|Any CPU.Build.0 = Release|Any CPU
	EndGlobalSection
	GlobalSection(SolutionProperties) = preSolution
		HideSolutionNode = FALSE
	EndGlobalSection
	GlobalSection(ExtensibilityGlobals) = postSolution
		SolutionGuid = {F9A13FF0-36BD-4624-A9C6-02FD9E0D4BDD}
	EndGlobalSection
EndGlobal
