
Microsoft Visual Studio Solution File, Format Version 12.00
# Visual Studio 15
VisualStudioVersion = 15.0.28307.168
MinimumVisualStudioVersion = 10.0.40219.1
Project("{FAE04EC0-301F-11D3-BF4B-00C04F79EFBC}") = "SimpleVariableOpgave1", "OpgaveSimpleVariabler1\SimpleVariableOpgave1.csproj", "{C5AA9DC6-570A-4AE3-A602-3B16660F8810}"
EndProject
Project("{FAE04EC0-301F-11D3-BF4B-00C04F79EFBC}") = "SimpleVariableOpgave2", "SimpleVariablerOpgave2\SimpleVariableOpgave2.csproj", "{34B50C3D-AF0A-4F7B-ACEE-E68B564E5920}"
EndProject
Project("{FAE04EC0-301F-11D3-BF4B-00C04F79EFBC}") = "SimpleVariableOpgave3", "SimpleVariableOpgave3\SimpleVariableOpgave3.csproj", "{03EF39B7-B621-4264-BB3E-AC01D301149A}"
EndProject
Project("{FAE04EC0-301F-11D3-BF4B-00C04F79EFBC}") = "SimpleVariableOpgave4", "SimpleVariableOpgave4\SimpleVariableOpgave4.csproj", "{3951994A-3489-4297-8DAF-0D8CC8D66CD8}"
EndProject
Project("{FAE04EC0-301F-11D3-BF4B-00C04F79EFBC}") = "RelateredeKonstanterOgStrukturerOpgave1", "RelateredeKonstanterOgStrukturerOpgave1\RelateredeKonstanterOgStrukturerOpgave1.csproj", "{51161FAE-8E44-4498-9AE8-9ACCF6B836DC}"
EndProject
Project("{FAE04EC0-301F-11D3-BF4B-00C04F79EFBC}") = "RelateredeKonstanterOgStrukturerOpgave1_", "RelateredeKonstanterOgStrukturerOpgave1_\RelateredeKonstanterOgStrukturerOpgave1_.csproj", "{B4500D67-2B07-4A2E-8703-E1A728E7C550}"
EndProject
Project("{FAE04EC0-301F-11D3-BF4B-00C04F79EFBC}") = "RelateredeKonstanterOgStrukturerOpgave3", "RelateredeKonstanterOgStrukturerOpgave3\RelateredeKonstanterOgStrukturerOpgave3.csproj", "{D17767CC-6520-4457-B436-A93D35D8D38C}"
EndProject
Project("{FAE04EC0-301F-11D3-BF4B-00C04F79EFBC}") = "Programflow1", "Programflow1\Programflow1.csproj", "{28CD16AD-A750-4DD7-BAB0-4CD5EBF40252}"
EndProject
Project("{FAE04EC0-301F-11D3-BF4B-00C04F79EFBC}") = "Programflow2", "Programflow2\Programflow2.csproj", "{4E18BBDF-31AC-450B-ACFB-78A64D6EE3C2}"
EndProject
Project("{FAE04EC0-301F-11D3-BF4B-00C04F79EFBC}") = "Metode1", "Metode1\Metode1.csproj", "{FFFED916-BEF8-4493-AB56-0754781DA301}"
EndProject
Project("{FAE04EC0-301F-11D3-BF4B-00C04F79EFBC}") = "Metoder2", "Metoder2\Metoder2.csproj", "{32B2ED59-F0DA-4A4A-A94D-C405FB8007BB}"
EndProject
Global
	GlobalSection(SolutionConfigurationPlatforms) = preSolution
		Debug|Any CPU = Debug|Any CPU
		Release|Any CPU = Release|Any CPU
	EndGlobalSection
	GlobalSection(ProjectConfigurationPlatforms) = postSolution
		{C5AA9DC6-570A-4AE3-A602-3B16660F8810}.Debug|Any CPU.ActiveCfg = Debug|Any CPU
		{C5AA9DC6-570A-4AE3-A602-3B16660F8810}.Debug|Any CPU.Build.0 = Debug|Any CPU
		{C5AA9DC6-570A-4AE3-A602-3B16660F8810}.Release|Any CPU.ActiveCfg = Release|Any CPU
		{C5AA9DC6-570A-4AE3-A602-3B16660F8810}.Release|Any CPU.Build.0 = Release|Any CPU
		{34B50C3D-AF0A-4F7B-ACEE-E68B564E5920}.Debug|Any CPU.ActiveCfg = Debug|Any CPU
		{34B50C3D-AF0A-4F7B-ACEE-E68B564E5920}.Debug|Any CPU.Build.0 = Debug|Any CPU
		{34B50C3D-AF0A-4F7B-ACEE-E68B564E5920}.Release|Any CPU.ActiveCfg = Release|Any CPU
		{34B50C3D-AF0A-4F7B-ACEE-E68B564E5920}.Release|Any CPU.Build.0 = Release|Any CPU
		{03EF39B7-B621-4264-BB3E-AC01D301149A}.Debug|Any CPU.ActiveCfg = Debug|Any CPU
		{03EF39B7-B621-4264-BB3E-AC01D301149A}.Debug|Any CPU.Build.0 = Debug|Any CPU
		{03EF39B7-B621-4264-BB3E-AC01D301149A}.Release|Any CPU.ActiveCfg = Release|Any CPU
		{03EF39B7-B621-4264-BB3E-AC01D301149A}.Release|Any CPU.Build.0 = Release|Any CPU
		{3951994A-3489-4297-8DAF-0D8CC8D66CD8}.Debug|Any CPU.ActiveCfg = Debug|Any CPU
		{3951994A-3489-4297-8DAF-0D8CC8D66CD8}.Debug|Any CPU.Build.0 = Debug|Any CPU
		{3951994A-3489-4297-8DAF-0D8CC8D66CD8}.Release|Any CPU.ActiveCfg = Release|Any CPU
		{3951994A-3489-4297-8DAF-0D8CC8D66CD8}.Release|Any CPU.Build.0 = Release|Any CPU
		{51161FAE-8E44-4498-9AE8-9ACCF6B836DC}.Debug|Any CPU.ActiveCfg = Debug|Any CPU
		{51161FAE-8E44-4498-9AE8-9ACCF6B836DC}.Debug|Any CPU.Build.0 = Debug|Any CPU
		{51161FAE-8E44-4498-9AE8-9ACCF6B836DC}.Release|Any CPU.ActiveCfg = Release|Any CPU
		{51161FAE-8E44-4498-9AE8-9ACCF6B836DC}.Release|Any CPU.Build.0 = Release|Any CPU
		{B4500D67-2B07-4A2E-8703-E1A728E7C550}.Debug|Any CPU.ActiveCfg = Debug|Any CPU
		{B4500D67-2B07-4A2E-8703-E1A728E7C550}.Debug|Any CPU.Build.0 = Debug|Any CPU
		{B4500D67-2B07-4A2E-8703-E1A728E7C550}.Release|Any CPU.ActiveCfg = Release|Any CPU
		{B4500D67-2B07-4A2E-8703-E1A728E7C550}.Release|Any CPU.Build.0 = Release|Any CPU
		{D17767CC-6520-4457-B436-A93D35D8D38C}.Debug|Any CPU.ActiveCfg = Debug|Any CPU
		{D17767CC-6520-4457-B436-A93D35D8D38C}.Debug|Any CPU.Build.0 = Debug|Any CPU
		{D17767CC-6520-4457-B436-A93D35D8D38C}.Release|Any CPU.ActiveCfg = Release|Any CPU
		{D17767CC-6520-4457-B436-A93D35D8D38C}.Release|Any CPU.Build.0 = Release|Any CPU
		{28CD16AD-A750-4DD7-BAB0-4CD5EBF40252}.Debug|Any CPU.ActiveCfg = Debug|Any CPU
		{28CD16AD-A750-4DD7-BAB0-4CD5EBF40252}.Debug|Any CPU.Build.0 = Debug|Any CPU
		{28CD16AD-A750-4DD7-BAB0-4CD5EBF40252}.Release|Any CPU.ActiveCfg = Release|Any CPU
		{28CD16AD-A750-4DD7-BAB0-4CD5EBF40252}.Release|Any CPU.Build.0 = Release|Any CPU
		{4E18BBDF-31AC-450B-ACFB-78A64D6EE3C2}.Debug|Any CPU.ActiveCfg = Debug|Any CPU
		{4E18BBDF-31AC-450B-ACFB-78A64D6EE3C2}.Debug|Any CPU.Build.0 = Debug|Any CPU
		{4E18BBDF-31AC-450B-ACFB-78A64D6EE3C2}.Release|Any CPU.ActiveCfg = Release|Any CPU
		{4E18BBDF-31AC-450B-ACFB-78A64D6EE3C2}.Release|Any CPU.Build.0 = Release|Any CPU
		{FFFED916-BEF8-4493-AB56-0754781DA301}.Debug|Any CPU.ActiveCfg = Debug|Any CPU
		{FFFED916-BEF8-4493-AB56-0754781DA301}.Debug|Any CPU.Build.0 = Debug|Any CPU
		{FFFED916-BEF8-4493-AB56-0754781DA301}.Release|Any CPU.ActiveCfg = Release|Any CPU
		{FFFED916-BEF8-4493-AB56-0754781DA301}.Release|Any CPU.Build.0 = Release|Any CPU
		{32B2ED59-F0DA-4A4A-A94D-C405FB8007BB}.Debug|Any CPU.ActiveCfg = Debug|Any CPU
		{32B2ED59-F0DA-4A4A-A94D-C405FB8007BB}.Debug|Any CPU.Build.0 = Debug|Any CPU
		{32B2ED59-F0DA-4A4A-A94D-C405FB8007BB}.Release|Any CPU.ActiveCfg = Release|Any CPU
		{32B2ED59-F0DA-4A4A-A94D-C405FB8007BB}.Release|Any CPU.Build.0 = Release|Any CPU
	EndGlobalSection
	GlobalSection(SolutionProperties) = preSolution
		HideSolutionNode = FALSE
	EndGlobalSection
	GlobalSection(ExtensibilityGlobals) = postSolution
		SolutionGuid = {F9A13FF0-36BD-4624-A9C6-02FD9E0D4BDD}
	EndGlobalSection
EndGlobal
